// !$*UTF8*$!
{
	archiveVersion = 1;
	classes = {
	};
	objectVersion = 46;
	objects = {

/* Begin PBXBuildFile section */
		074323BE176CFEBF0002D14A /* MessageUI.framework in Frameworks */ = {isa = PBXBuildFile; fileRef = 074323BD176CFEBF0002D14A /* MessageUI.framework */; };
		074323C0176D0CA30002D14A /* clear.png in Resources */ = {isa = PBXBuildFile; fileRef = 074323BF176D0CA30002D14A /* clear.png */; };
		074323C3176D0E670002D14A /* thanks_pressed.png in Resources */ = {isa = PBXBuildFile; fileRef = 074323C1176D0E670002D14A /* thanks_pressed.png */; };
		074323C4176D0E670002D14A /* thanks.png in Resources */ = {isa = PBXBuildFile; fileRef = 074323C2176D0E670002D14A /* thanks.png */; };
		074323CA176D11DB0002D14A /* logo.png in Resources */ = {isa = PBXBuildFile; fileRef = 074323C5176D11DB0002D14A /* logo.png */; };
		074323CB176D11DB0002D14A /* title_disciple.png in Resources */ = {isa = PBXBuildFile; fileRef = 074323C6176D11DB0002D14A /* title_disciple.png */; };
		074323CC176D11DB0002D14A /* title_mentor.png in Resources */ = {isa = PBXBuildFile; fileRef = 074323C7176D11DB0002D14A /* title_mentor.png */; };
		074323CD176D11DB0002D14A /* title_reset.png in Resources */ = {isa = PBXBuildFile; fileRef = 074323C8176D11DB0002D14A /* title_reset.png */; };
		074323CE176D11DB0002D14A /* title_start.png in Resources */ = {isa = PBXBuildFile; fileRef = 074323C9176D11DB0002D14A /* title_start.png */; };
		074CB2FE176C82D60090E4BE /* name_input.png in Resources */ = {isa = PBXBuildFile; fileRef = 074CB2FD176C82D60090E4BE /* name_input.png */; };
		074CB300176C863B0090E4BE /* name_caption.png in Resources */ = {isa = PBXBuildFile; fileRef = 074CB2FF176C863B0090E4BE /* name_caption.png */; };
		074CB302176C88B80090E4BE /* profile_caption.png in Resources */ = {isa = PBXBuildFile; fileRef = 074CB301176C88B80090E4BE /* profile_caption.png */; };
		074CB305176C89B20090E4BE /* next_pressed.png in Resources */ = {isa = PBXBuildFile; fileRef = 074CB303176C89B20090E4BE /* next_pressed.png */; };
		074CB306176C89B20090E4BE /* next.png in Resources */ = {isa = PBXBuildFile; fileRef = 074CB304176C89B20090E4BE /* next.png */; };
		074CB308176C93FD0090E4BE /* mentor_list.png in Resources */ = {isa = PBXBuildFile; fileRef = 074CB307176C93FD0090E4BE /* mentor_list.png */; };
		074CB30B176C946F0090E4BE /* DTMentorListViewController.m in Sources */ = {isa = PBXBuildFile; fileRef = 074CB30A176C946E0090E4BE /* DTMentorListViewController.m */; };
		074CB30E176C96350090E4BE /* DTStartViewController.m in Sources */ = {isa = PBXBuildFile; fileRef = 074CB30D176C96350090E4BE /* DTStartViewController.m */; };
		074CB311176CA30D0090E4BE /* UIImage+UIImage_HexString.m in Sources */ = {isa = PBXBuildFile; fileRef = 074CB310176CA30C0090E4BE /* UIImage+UIImage_HexString.m */; };
		074CB313176CACC10090E4BE /* back_white.png in Resources */ = {isa = PBXBuildFile; fileRef = 074CB312176CACC10090E4BE /* back_white.png */; };
		074CB316176CC02B0090E4BE /* DTMentorApplyViewController.m in Sources */ = {isa = PBXBuildFile; fileRef = 074CB315176CC02B0090E4BE /* DTMentorApplyViewController.m */; };
		074CB31D176CC4110090E4BE /* apply_selected.png in Resources */ = {isa = PBXBuildFile; fileRef = 074CB31B176CC4110090E4BE /* apply_selected.png */; };
		074CB31E176CC4110090E4BE /* apply.png in Resources */ = {isa = PBXBuildFile; fileRef = 074CB31C176CC4110090E4BE /* apply.png */; };
		074CB320176CC4320090E4BE /* scroll.png in Resources */ = {isa = PBXBuildFile; fileRef = 074CB31F176CC4320090E4BE /* scroll.png */; };
		074CB322176CCE810090E4BE /* mentor_list_caption.png in Resources */ = {isa = PBXBuildFile; fileRef = 074CB321176CCE810090E4BE /* mentor_list_caption.png */; };
		074CB328176CD0310090E4BE /* rank0.png in Resources */ = {isa = PBXBuildFile; fileRef = 074CB323176CD0310090E4BE /* rank0.png */; };
		074CB329176CD0310090E4BE /* rank1.png in Resources */ = {isa = PBXBuildFile; fileRef = 074CB324176CD0310090E4BE /* rank1.png */; };
		074CB32A176CD0310090E4BE /* rank2.png in Resources */ = {isa = PBXBuildFile; fileRef = 074CB325176CD0310090E4BE /* rank2.png */; };
		074CB32B176CD0310090E4BE /* rank3.png in Resources */ = {isa = PBXBuildFile; fileRef = 074CB326176CD0310090E4BE /* rank3.png */; };
		074CB32C176CD0310090E4BE /* rank4.png in Resources */ = {isa = PBXBuildFile; fileRef = 074CB327176CD0310090E4BE /* rank4.png */; };
		074CB330176CD3550090E4BE /* back_button.png in Resources */ = {isa = PBXBuildFile; fileRef = 074CB32F176CD3550090E4BE /* back_button.png */; };
		074CB332176CD8910090E4BE /* my_mentor.png in Resources */ = {isa = PBXBuildFile; fileRef = 074CB331176CD8910090E4BE /* my_mentor.png */; };
		074CB335176CDD560090E4BE /* DTMentorTopViewController.m in Sources */ = {isa = PBXBuildFile; fileRef = 074CB334176CDD550090E4BE /* DTMentorTopViewController.m */; };
		074CB339176CE76C0090E4BE /* hand.png in Resources */ = {isa = PBXBuildFile; fileRef = 074CB336176CE76C0090E4BE /* hand.png */; };
		074CB33A176CE76C0090E4BE /* like_caption.png in Resources */ = {isa = PBXBuildFile; fileRef = 074CB337176CE76C0090E4BE /* like_caption.png */; };
		074CB33B176CE76C0090E4BE /* write_mail_caption.png in Resources */ = {isa = PBXBuildFile; fileRef = 074CB338176CE76C0090E4BE /* write_mail_caption.png */; };
		074CB33F176CECBA0090E4BE /* mentor_top_caption.png in Resources */ = {isa = PBXBuildFile; fileRef = 074CB33E176CECBA0090E4BE /* mentor_top_caption.png */; };
		07A71F3A176C13F800BA8EF6 /* UIKit.framework in Frameworks */ = {isa = PBXBuildFile; fileRef = 07A71F39176C13F800BA8EF6 /* UIKit.framework */; };
		07A71F3C176C13F800BA8EF6 /* Foundation.framework in Frameworks */ = {isa = PBXBuildFile; fileRef = 07A71F3B176C13F800BA8EF6 /* Foundation.framework */; };
		07A71F3E176C13F800BA8EF6 /* CoreGraphics.framework in Frameworks */ = {isa = PBXBuildFile; fileRef = 07A71F3D176C13F800BA8EF6 /* CoreGraphics.framework */; };
		07A71F44176C13F800BA8EF6 /* InfoPlist.strings in Resources */ = {isa = PBXBuildFile; fileRef = 07A71F42176C13F800BA8EF6 /* InfoPlist.strings */; };
		07A71F46176C13F800BA8EF6 /* main.m in Sources */ = {isa = PBXBuildFile; fileRef = 07A71F45176C13F800BA8EF6 /* main.m */; };
		07A71F4A176C13F800BA8EF6 /* DTAppDelegate.m in Sources */ = {isa = PBXBuildFile; fileRef = 07A71F49176C13F800BA8EF6 /* DTAppDelegate.m */; };
		07A71F4C176C13F800BA8EF6 /* Default.png in Resources */ = {isa = PBXBuildFile; fileRef = 07A71F4B176C13F800BA8EF6 /* Default.png */; };
		07A71F4E176C13F800BA8EF6 /* Default@2x.png in Resources */ = {isa = PBXBuildFile; fileRef = 07A71F4D176C13F800BA8EF6 /* Default@2x.png */; };
		07A71F50176C13F800BA8EF6 /* Default-568h@2x.png in Resources */ = {isa = PBXBuildFile; fileRef = 07A71F4F176C13F800BA8EF6 /* Default-568h@2x.png */; };
		07A71F53176C13F800BA8EF6 /* MainStoryboard.storyboard in Resources */ = {isa = PBXBuildFile; fileRef = 07A71F51176C13F800BA8EF6 /* MainStoryboard.storyboard */; };
		07A71F56176C13F800BA8EF6 /* DTViewController.m in Sources */ = {isa = PBXBuildFile; fileRef = 07A71F55176C13F800BA8EF6 /* DTViewController.m */; };
		07A71F5F176C149000BA8EF6 /* DTUser.m in Sources */ = {isa = PBXBuildFile; fileRef = 07A71F5E176C149000BA8EF6 /* DTUser.m */; };
		07A71F62176C245100BA8EF6 /* DTAgeInputViewController.m in Sources */ = {isa = PBXBuildFile; fileRef = 07A71F61176C245100BA8EF6 /* DTAgeInputViewController.m */; };
		07A71F66176C24F400BA8EF6 /* DTUserManager.m in Sources */ = {isa = PBXBuildFile; fileRef = 07A71F65176C24F400BA8EF6 /* DTUserManager.m */; };
		07A71F9C176C3BB900BA8EF6 /* bg-signature-landscape.png in Resources */ = {isa = PBXBuildFile; fileRef = 07A71F94176C3BB900BA8EF6 /* bg-signature-landscape.png */; };
		07A71F9D176C3BB900BA8EF6 /* bg-signature-landscape@2x.png in Resources */ = {isa = PBXBuildFile; fileRef = 07A71F95176C3BB900BA8EF6 /* bg-signature-landscape@2x.png */; };
		07A71F9E176C3BB900BA8EF6 /* bg-signature-portrait.png in Resources */ = {isa = PBXBuildFile; fileRef = 07A71F96176C3BB900BA8EF6 /* bg-signature-portrait.png */; };
		07A71F9F176C3BB900BA8EF6 /* bg-signature-portrait@2x.png in Resources */ = {isa = PBXBuildFile; fileRef = 07A71F97176C3BB900BA8EF6 /* bg-signature-portrait@2x.png */; };
		07A71FA0176C3BB900BA8EF6 /* JBSignatureController.m in Sources */ = {isa = PBXBuildFile; fileRef = 07A71F99176C3BB900BA8EF6 /* JBSignatureController.m */; };
		07A71FA1176C3BB900BA8EF6 /* JBSignatureView.m in Sources */ = {isa = PBXBuildFile; fileRef = 07A71F9B176C3BB900BA8EF6 /* JBSignatureView.m */; };
		07A71FA7176C40AC00BA8EF6 /* DTSignatureInputDelegate.m in Sources */ = {isa = PBXBuildFile; fileRef = 07A71FA6176C40AC00BA8EF6 /* DTSignatureInputDelegate.m */; };
		07A71FB0176C441D00BA8EF6 /* DTTopicManager.m in Sources */ = {isa = PBXBuildFile; fileRef = 07A71FAF176C441D00BA8EF6 /* DTTopicManager.m */; };
		07A71FB3176C458800BA8EF6 /* topic.png in Resources */ = {isa = PBXBuildFile; fileRef = 07A71FB2176C458800BA8EF6 /* topic.png */; };
		07A71FB6176C462C00BA8EF6 /* DTTopicViewController.m in Sources */ = {isa = PBXBuildFile; fileRef = 07A71FB5176C462C00BA8EF6 /* DTTopicViewController.m */; };
		07A71FB8176C57C700BA8EF6 /* profile.png in Resources */ = {isa = PBXBuildFile; fileRef = 07A71FB7176C57C700BA8EF6 /* profile.png */; };
		07A71FBB176C58B000BA8EF6 /* DTProfileInputViewController.m in Sources */ = {isa = PBXBuildFile; fileRef = 07A71FBA176C58B000BA8EF6 /* DTProfileInputViewController.m */; };
		07A71FBD176C70B800BA8EF6 /* back.png in Resources */ = {isa = PBXBuildFile; fileRef = 07A71FBC176C70B800BA8EF6 /* back.png */; };
		07A71FBF176C70D900BA8EF6 /* mail_caption.png in Resources */ = {isa = PBXBuildFile; fileRef = 07A71FBE176C70D900BA8EF6 /* mail_caption.png */; };
		07A71FC1176C728500BA8EF6 /* back_scroll.png in Resources */ = {isa = PBXBuildFile; fileRef = 07A71FC0176C728500BA8EF6 /* back_scroll.png */; };
		07A71FC4176C731000BA8EF6 /* decide_pressed.png in Resources */ = {isa = PBXBuildFile; fileRef = 07A71FC2176C731000BA8EF6 /* decide_pressed.png */; };
		07A71FC5176C731000BA8EF6 /* decide.png in Resources */ = {isa = PBXBuildFile; fileRef = 07A71FC3176C731000BA8EF6 /* decide.png */; };
		07A71FC8176C749400BA8EF6 /* DTEmailInputViewController.m in Sources */ = {isa = PBXBuildFile; fileRef = 07A71FC7176C749400BA8EF6 /* DTEmailInputViewController.m */; };
		07A71FCA176C79D200BA8EF6 /* age_caption.png in Resources */ = {isa = PBXBuildFile; fileRef = 07A71FC9176C79D200BA8EF6 /* age_caption.png */; };
		07A71FCD176C7B1400BA8EF6 /* disciple.png in Resources */ = {isa = PBXBuildFile; fileRef = 07A71FCB176C7B1400BA8EF6 /* disciple.png */; };
		07A71FCE176C7B1400BA8EF6 /* mentor.png in Resources */ = {isa = PBXBuildFile; fileRef = 07A71FCC176C7B1400BA8EF6 /* mentor.png */; };
		07FAAD3A176CEF54005FE40F /* topic_caption.png in Resources */ = {isa = PBXBuildFile; fileRef = 07FAAD39176CEF54005FE40F /* topic_caption.png */; };
		07FAAD3D176CF597005FE40F /* disciple_list_caption.png in Resources */ = {isa = PBXBuildFile; fileRef = 07FAAD3C176CF597005FE40F /* disciple_list_caption.png */; };
		14E604B5A90E448890EC02D9 /* libPods.a in Frameworks */ = {isa = PBXBuildFile; fileRef = 69DCB65EA2DE4AD68C1E2659 /* libPods.a */; };
/* End PBXBuildFile section */

/* Begin PBXFileReference section */
		074323BD176CFEBF0002D14A /* MessageUI.framework */ = {isa = PBXFileReference; lastKnownFileType = wrapper.framework; name = MessageUI.framework; path = System/Library/Frameworks/MessageUI.framework; sourceTree = SDKROOT; };
		074323BF176D0CA30002D14A /* clear.png */ = {isa = PBXFileReference; lastKnownFileType = image.png; path = clear.png; sourceTree = "<group>"; };
		074323C1176D0E670002D14A /* thanks_pressed.png */ = {isa = PBXFileReference; lastKnownFileType = image.png; path = thanks_pressed.png; sourceTree = "<group>"; };
		074323C2176D0E670002D14A /* thanks.png */ = {isa = PBXFileReference; lastKnownFileType = image.png; path = thanks.png; sourceTree = "<group>"; };
		074323C5176D11DB0002D14A /* logo.png */ = {isa = PBXFileReference; lastKnownFileType = image.png; path = logo.png; sourceTree = "<group>"; };
		074323C6176D11DB0002D14A /* title_disciple.png */ = {isa = PBXFileReference; lastKnownFileType = image.png; path = title_disciple.png; sourceTree = "<group>"; };
		074323C7176D11DB0002D14A /* title_mentor.png */ = {isa = PBXFileReference; lastKnownFileType = image.png; path = title_mentor.png; sourceTree = "<group>"; };
		074323C8176D11DB0002D14A /* title_reset.png */ = {isa = PBXFileReference; lastKnownFileType = image.png; path = title_reset.png; sourceTree = "<group>"; };
		074323C9176D11DB0002D14A /* title_start.png */ = {isa = PBXFileReference; lastKnownFileType = image.png; path = title_start.png; sourceTree = "<group>"; };
		074CB2FD176C82D60090E4BE /* name_input.png */ = {isa = PBXFileReference; lastKnownFileType = image.png; path = name_input.png; sourceTree = "<group>"; };
		074CB2FF176C863B0090E4BE /* name_caption.png */ = {isa = PBXFileReference; lastKnownFileType = image.png; path = name_caption.png; sourceTree = "<group>"; };
		074CB301176C88B80090E4BE /* profile_caption.png */ = {isa = PBXFileReference; lastKnownFileType = image.png; path = profile_caption.png; sourceTree = "<group>"; };
		074CB303176C89B20090E4BE /* next_pressed.png */ = {isa = PBXFileReference; lastKnownFileType = image.png; path = next_pressed.png; sourceTree = "<group>"; };
		074CB304176C89B20090E4BE /* next.png */ = {isa = PBXFileReference; lastKnownFileType = image.png; path = next.png; sourceTree = "<group>"; };
		074CB307176C93FD0090E4BE /* mentor_list.png */ = {isa = PBXFileReference; lastKnownFileType = image.png; path = mentor_list.png; sourceTree = "<group>"; };
		074CB309176C946E0090E4BE /* DTMentorListViewController.h */ = {isa = PBXFileReference; fileEncoding = 4; lastKnownFileType = sourcecode.c.h; path = DTMentorListViewController.h; sourceTree = "<group>"; };
		074CB30A176C946E0090E4BE /* DTMentorListViewController.m */ = {isa = PBXFileReference; fileEncoding = 4; lastKnownFileType = sourcecode.c.objc; path = DTMentorListViewController.m; sourceTree = "<group>"; };
		074CB30C176C96350090E4BE /* DTStartViewController.h */ = {isa = PBXFileReference; fileEncoding = 4; lastKnownFileType = sourcecode.c.h; path = DTStartViewController.h; sourceTree = "<group>"; };
		074CB30D176C96350090E4BE /* DTStartViewController.m */ = {isa = PBXFileReference; fileEncoding = 4; lastKnownFileType = sourcecode.c.objc; path = DTStartViewController.m; sourceTree = "<group>"; };
		074CB30F176CA30C0090E4BE /* UIImage+UIImage_HexString.h */ = {isa = PBXFileReference; fileEncoding = 4; lastKnownFileType = sourcecode.c.h; path = "UIImage+UIImage_HexString.h"; sourceTree = "<group>"; };
		074CB310176CA30C0090E4BE /* UIImage+UIImage_HexString.m */ = {isa = PBXFileReference; fileEncoding = 4; lastKnownFileType = sourcecode.c.objc; path = "UIImage+UIImage_HexString.m"; sourceTree = "<group>"; };
		074CB312176CACC10090E4BE /* back_white.png */ = {isa = PBXFileReference; lastKnownFileType = image.png; path = back_white.png; sourceTree = "<group>"; };
		074CB314176CC02B0090E4BE /* DTMentorApplyViewController.h */ = {isa = PBXFileReference; fileEncoding = 4; lastKnownFileType = sourcecode.c.h; path = DTMentorApplyViewController.h; sourceTree = "<group>"; };
		074CB315176CC02B0090E4BE /* DTMentorApplyViewController.m */ = {isa = PBXFileReference; fileEncoding = 4; lastKnownFileType = sourcecode.c.objc; path = DTMentorApplyViewController.m; sourceTree = "<group>"; };
		074CB31B176CC4110090E4BE /* apply_selected.png */ = {isa = PBXFileReference; lastKnownFileType = image.png; path = apply_selected.png; sourceTree = "<group>"; };
		074CB31C176CC4110090E4BE /* apply.png */ = {isa = PBXFileReference; lastKnownFileType = image.png; path = apply.png; sourceTree = "<group>"; };
		074CB31F176CC4320090E4BE /* scroll.png */ = {isa = PBXFileReference; lastKnownFileType = image.png; path = scroll.png; sourceTree = "<group>"; };
		074CB321176CCE810090E4BE /* mentor_list_caption.png */ = {isa = PBXFileReference; lastKnownFileType = image.png; path = mentor_list_caption.png; sourceTree = "<group>"; };
		074CB323176CD0310090E4BE /* rank0.png */ = {isa = PBXFileReference; lastKnownFileType = image.png; path = rank0.png; sourceTree = "<group>"; };
		074CB324176CD0310090E4BE /* rank1.png */ = {isa = PBXFileReference; lastKnownFileType = image.png; path = rank1.png; sourceTree = "<group>"; };
		074CB325176CD0310090E4BE /* rank2.png */ = {isa = PBXFileReference; lastKnownFileType = image.png; path = rank2.png; sourceTree = "<group>"; };
		074CB326176CD0310090E4BE /* rank3.png */ = {isa = PBXFileReference; lastKnownFileType = image.png; path = rank3.png; sourceTree = "<group>"; };
		074CB327176CD0310090E4BE /* rank4.png */ = {isa = PBXFileReference; lastKnownFileType = image.png; path = rank4.png; sourceTree = "<group>"; };
		074CB32F176CD3550090E4BE /* back_button.png */ = {isa = PBXFileReference; lastKnownFileType = image.png; path = back_button.png; sourceTree = "<group>"; };
		074CB331176CD8910090E4BE /* my_mentor.png */ = {isa = PBXFileReference; lastKnownFileType = image.png; path = my_mentor.png; sourceTree = "<group>"; };
		074CB333176CDD550090E4BE /* DTMentorTopViewController.h */ = {isa = PBXFileReference; fileEncoding = 4; lastKnownFileType = sourcecode.c.h; path = DTMentorTopViewController.h; sourceTree = "<group>"; };
		074CB334176CDD550090E4BE /* DTMentorTopViewController.m */ = {isa = PBXFileReference; fileEncoding = 4; lastKnownFileType = sourcecode.c.objc; path = DTMentorTopViewController.m; sourceTree = "<group>"; };
		074CB336176CE76C0090E4BE /* hand.png */ = {isa = PBXFileReference; lastKnownFileType = image.png; path = hand.png; sourceTree = "<group>"; };
		074CB337176CE76C0090E4BE /* like_caption.png */ = {isa = PBXFileReference; lastKnownFileType = image.png; path = like_caption.png; sourceTree = "<group>"; };
		074CB338176CE76C0090E4BE /* write_mail_caption.png */ = {isa = PBXFileReference; lastKnownFileType = image.png; path = write_mail_caption.png; sourceTree = "<group>"; };
		074CB33E176CECBA0090E4BE /* mentor_top_caption.png */ = {isa = PBXFileReference; lastKnownFileType = image.png; path = mentor_top_caption.png; sourceTree = "<group>"; };
		07A71F36176C13F800BA8EF6 /* DeshiTuku.app */ = {isa = PBXFileReference; explicitFileType = wrapper.application; includeInIndex = 0; path = DeshiTuku.app; sourceTree = BUILT_PRODUCTS_DIR; };
		07A71F39176C13F800BA8EF6 /* UIKit.framework */ = {isa = PBXFileReference; lastKnownFileType = wrapper.framework; name = UIKit.framework; path = System/Library/Frameworks/UIKit.framework; sourceTree = SDKROOT; };
		07A71F3B176C13F800BA8EF6 /* Foundation.framework */ = {isa = PBXFileReference; lastKnownFileType = wrapper.framework; name = Foundation.framework; path = System/Library/Frameworks/Foundation.framework; sourceTree = SDKROOT; };
		07A71F3D176C13F800BA8EF6 /* CoreGraphics.framework */ = {isa = PBXFileReference; lastKnownFileType = wrapper.framework; name = CoreGraphics.framework; path = System/Library/Frameworks/CoreGraphics.framework; sourceTree = SDKROOT; };
		07A71F41176C13F800BA8EF6 /* DeshiTuku-Info.plist */ = {isa = PBXFileReference; lastKnownFileType = text.plist.xml; path = "DeshiTuku-Info.plist"; sourceTree = "<group>"; };
		07A71F43176C13F800BA8EF6 /* en */ = {isa = PBXFileReference; lastKnownFileType = text.plist.strings; name = en; path = en.lproj/InfoPlist.strings; sourceTree = "<group>"; };
		07A71F45176C13F800BA8EF6 /* main.m */ = {isa = PBXFileReference; lastKnownFileType = sourcecode.c.objc; path = main.m; sourceTree = "<group>"; };
		07A71F47176C13F800BA8EF6 /* DeshiTuku-Prefix.pch */ = {isa = PBXFileReference; lastKnownFileType = sourcecode.c.h; path = "DeshiTuku-Prefix.pch"; sourceTree = "<group>"; };
		07A71F48176C13F800BA8EF6 /* DTAppDelegate.h */ = {isa = PBXFileReference; lastKnownFileType = sourcecode.c.h; path = DTAppDelegate.h; sourceTree = "<group>"; };
		07A71F49176C13F800BA8EF6 /* DTAppDelegate.m */ = {isa = PBXFileReference; lastKnownFileType = sourcecode.c.objc; path = DTAppDelegate.m; sourceTree = "<group>"; };
		07A71F4B176C13F800BA8EF6 /* Default.png */ = {isa = PBXFileReference; lastKnownFileType = image.png; path = Default.png; sourceTree = "<group>"; };
		07A71F4D176C13F800BA8EF6 /* Default@2x.png */ = {isa = PBXFileReference; lastKnownFileType = image.png; path = "Default@2x.png"; sourceTree = "<group>"; };
		07A71F4F176C13F800BA8EF6 /* Default-568h@2x.png */ = {isa = PBXFileReference; lastKnownFileType = image.png; path = "Default-568h@2x.png"; sourceTree = "<group>"; };
		07A71F52176C13F800BA8EF6 /* en */ = {isa = PBXFileReference; lastKnownFileType = file.storyboard; name = en; path = en.lproj/MainStoryboard.storyboard; sourceTree = "<group>"; };
		07A71F54176C13F800BA8EF6 /* DTViewController.h */ = {isa = PBXFileReference; lastKnownFileType = sourcecode.c.h; path = DTViewController.h; sourceTree = "<group>"; };
		07A71F55176C13F800BA8EF6 /* DTViewController.m */ = {isa = PBXFileReference; lastKnownFileType = sourcecode.c.objc; path = DTViewController.m; sourceTree = "<group>"; };
		07A71F5D176C149000BA8EF6 /* DTUser.h */ = {isa = PBXFileReference; fileEncoding = 4; lastKnownFileType = sourcecode.c.h; path = DTUser.h; sourceTree = "<group>"; };
		07A71F5E176C149000BA8EF6 /* DTUser.m */ = {isa = PBXFileReference; fileEncoding = 4; lastKnownFileType = sourcecode.c.objc; path = DTUser.m; sourceTree = "<group>"; };
		07A71F60176C245100BA8EF6 /* DTAgeInputViewController.h */ = {isa = PBXFileReference; fileEncoding = 4; lastKnownFileType = sourcecode.c.h; path = DTAgeInputViewController.h; sourceTree = "<group>"; };
		07A71F61176C245100BA8EF6 /* DTAgeInputViewController.m */ = {isa = PBXFileReference; fileEncoding = 4; lastKnownFileType = sourcecode.c.objc; path = DTAgeInputViewController.m; sourceTree = "<group>"; };
		07A71F64176C24F400BA8EF6 /* DTUserManager.h */ = {isa = PBXFileReference; fileEncoding = 4; lastKnownFileType = sourcecode.c.h; name = DTUserManager.h; path = Manager/DTUserManager.h; sourceTree = "<group>"; };
		07A71F65176C24F400BA8EF6 /* DTUserManager.m */ = {isa = PBXFileReference; fileEncoding = 4; lastKnownFileType = sourcecode.c.objc; name = DTUserManager.m; path = Manager/DTUserManager.m; sourceTree = "<group>"; };
		07A71F94176C3BB900BA8EF6 /* bg-signature-landscape.png */ = {isa = PBXFileReference; lastKnownFileType = image.png; path = "bg-signature-landscape.png"; sourceTree = "<group>"; };
		07A71F95176C3BB900BA8EF6 /* bg-signature-landscape@2x.png */ = {isa = PBXFileReference; lastKnownFileType = image.png; path = "bg-signature-landscape@2x.png"; sourceTree = "<group>"; };
		07A71F96176C3BB900BA8EF6 /* bg-signature-portrait.png */ = {isa = PBXFileReference; lastKnownFileType = image.png; path = "bg-signature-portrait.png"; sourceTree = "<group>"; };
		07A71F97176C3BB900BA8EF6 /* bg-signature-portrait@2x.png */ = {isa = PBXFileReference; lastKnownFileType = image.png; path = "bg-signature-portrait@2x.png"; sourceTree = "<group>"; };
		07A71F98176C3BB900BA8EF6 /* JBSignatureController.h */ = {isa = PBXFileReference; fileEncoding = 4; lastKnownFileType = sourcecode.c.h; path = JBSignatureController.h; sourceTree = "<group>"; };
		07A71F99176C3BB900BA8EF6 /* JBSignatureController.m */ = {isa = PBXFileReference; fileEncoding = 4; lastKnownFileType = sourcecode.c.objc; path = JBSignatureController.m; sourceTree = "<group>"; };
		07A71F9A176C3BB900BA8EF6 /* JBSignatureView.h */ = {isa = PBXFileReference; fileEncoding = 4; lastKnownFileType = sourcecode.c.h; path = JBSignatureView.h; sourceTree = "<group>"; };
		07A71F9B176C3BB900BA8EF6 /* JBSignatureView.m */ = {isa = PBXFileReference; fileEncoding = 4; lastKnownFileType = sourcecode.c.objc; path = JBSignatureView.m; sourceTree = "<group>"; };
		07A71FA5176C40AC00BA8EF6 /* DTSignatureInputDelegate.h */ = {isa = PBXFileReference; fileEncoding = 4; lastKnownFileType = sourcecode.c.h; name = DTSignatureInputDelegate.h; path = Model/DTSignatureInputDelegate.h; sourceTree = "<group>"; };
		07A71FA6176C40AC00BA8EF6 /* DTSignatureInputDelegate.m */ = {isa = PBXFileReference; fileEncoding = 4; lastKnownFileType = sourcecode.c.objc; name = DTSignatureInputDelegate.m; path = Model/DTSignatureInputDelegate.m; sourceTree = "<group>"; };
		07A71FAE176C441D00BA8EF6 /* DTTopicManager.h */ = {isa = PBXFileReference; fileEncoding = 4; lastKnownFileType = sourcecode.c.h; name = DTTopicManager.h; path = Manager/DTTopicManager.h; sourceTree = "<group>"; };
		07A71FAF176C441D00BA8EF6 /* DTTopicManager.m */ = {isa = PBXFileReference; fileEncoding = 4; lastKnownFileType = sourcecode.c.objc; name = DTTopicManager.m; path = Manager/DTTopicManager.m; sourceTree = "<group>"; };
		07A71FB2176C458800BA8EF6 /* topic.png */ = {isa = PBXFileReference; lastKnownFileType = image.png; path = topic.png; sourceTree = "<group>"; };
		07A71FB4176C462B00BA8EF6 /* DTTopicViewController.h */ = {isa = PBXFileReference; fileEncoding = 4; lastKnownFileType = sourcecode.c.h; path = DTTopicViewController.h; sourceTree = "<group>"; };
		07A71FB5176C462C00BA8EF6 /* DTTopicViewController.m */ = {isa = PBXFileReference; fileEncoding = 4; lastKnownFileType = sourcecode.c.objc; path = DTTopicViewController.m; sourceTree = "<group>"; };
		07A71FB7176C57C700BA8EF6 /* profile.png */ = {isa = PBXFileReference; lastKnownFileType = image.png; path = profile.png; sourceTree = "<group>"; };
		07A71FB9176C58B000BA8EF6 /* DTProfileInputViewController.h */ = {isa = PBXFileReference; fileEncoding = 4; lastKnownFileType = sourcecode.c.h; path = DTProfileInputViewController.h; sourceTree = "<group>"; };
		07A71FBA176C58B000BA8EF6 /* DTProfileInputViewController.m */ = {isa = PBXFileReference; fileEncoding = 4; lastKnownFileType = sourcecode.c.objc; path = DTProfileInputViewController.m; sourceTree = "<group>"; };
		07A71FBC176C70B800BA8EF6 /* back.png */ = {isa = PBXFileReference; lastKnownFileType = image.png; path = back.png; sourceTree = "<group>"; };
		07A71FBE176C70D900BA8EF6 /* mail_caption.png */ = {isa = PBXFileReference; lastKnownFileType = image.png; path = mail_caption.png; sourceTree = "<group>"; };
		07A71FC0176C728500BA8EF6 /* back_scroll.png */ = {isa = PBXFileReference; lastKnownFileType = image.png; path = back_scroll.png; sourceTree = "<group>"; };
		07A71FC2176C731000BA8EF6 /* decide_pressed.png */ = {isa = PBXFileReference; lastKnownFileType = image.png; path = decide_pressed.png; sourceTree = "<group>"; };
		07A71FC3176C731000BA8EF6 /* decide.png */ = {isa = PBXFileReference; lastKnownFileType = image.png; path = decide.png; sourceTree = "<group>"; };
		07A71FC6176C749300BA8EF6 /* DTEmailInputViewController.h */ = {isa = PBXFileReference; fileEncoding = 4; lastKnownFileType = sourcecode.c.h; path = DTEmailInputViewController.h; sourceTree = "<group>"; };
		07A71FC7176C749400BA8EF6 /* DTEmailInputViewController.m */ = {isa = PBXFileReference; fileEncoding = 4; lastKnownFileType = sourcecode.c.objc; path = DTEmailInputViewController.m; sourceTree = "<group>"; };
		07A71FC9176C79D200BA8EF6 /* age_caption.png */ = {isa = PBXFileReference; lastKnownFileType = image.png; path = age_caption.png; sourceTree = "<group>"; };
		07A71FCB176C7B1400BA8EF6 /* disciple.png */ = {isa = PBXFileReference; lastKnownFileType = image.png; path = disciple.png; sourceTree = "<group>"; };
		07A71FCC176C7B1400BA8EF6 /* mentor.png */ = {isa = PBXFileReference; lastKnownFileType = image.png; path = mentor.png; sourceTree = "<group>"; };
		07E89A3AEEA5416DBFAF8C5D /* Pods.xcconfig */ = {isa = PBXFileReference; includeInIndex = 1; lastKnownFileType = text.xcconfig; name = Pods.xcconfig; path = Pods/Pods.xcconfig; sourceTree = SOURCE_ROOT; };
		07FAAD39176CEF54005FE40F /* topic_caption.png */ = {isa = PBXFileReference; lastKnownFileType = image.png; path = topic_caption.png; sourceTree = "<group>"; };
		07FAAD3C176CF597005FE40F /* disciple_list_caption.png */ = {isa = PBXFileReference; lastKnownFileType = image.png; path = disciple_list_caption.png; sourceTree = "<group>"; };
		69DCB65EA2DE4AD68C1E2659 /* libPods.a */ = {isa = PBXFileReference; explicitFileType = archive.ar; includeInIndex = 0; path = libPods.a; sourceTree = BUILT_PRODUCTS_DIR; };
/* End PBXFileReference section */

/* Begin PBXFrameworksBuildPhase section */
		07A71F33176C13F800BA8EF6 /* Frameworks */ = {
			isa = PBXFrameworksBuildPhase;
			buildActionMask = 2147483647;
			files = (
				074323BE176CFEBF0002D14A /* MessageUI.framework in Frameworks */,
				07A71F3A176C13F800BA8EF6 /* UIKit.framework in Frameworks */,
				07A71F3C176C13F800BA8EF6 /* Foundation.framework in Frameworks */,
				07A71F3E176C13F800BA8EF6 /* CoreGraphics.framework in Frameworks */,
				14E604B5A90E448890EC02D9 /* libPods.a in Frameworks */,
			);
			runOnlyForDeploymentPostprocessing = 0;
		};
/* End PBXFrameworksBuildPhase section */

/* Begin PBXGroup section */
		07A71F2D176C13F800BA8EF6 = {
			isa = PBXGroup;
			children = (
				07A71F3F176C13F800BA8EF6 /* DeshiTuku */,
				07A71F38176C13F800BA8EF6 /* Frameworks */,
				07A71F37176C13F800BA8EF6 /* Products */,
				07E89A3AEEA5416DBFAF8C5D /* Pods.xcconfig */,
			);
			sourceTree = "<group>";
		};
		07A71F37176C13F800BA8EF6 /* Products */ = {
			isa = PBXGroup;
			children = (
				07A71F36176C13F800BA8EF6 /* DeshiTuku.app */,
			);
			name = Products;
			sourceTree = "<group>";
		};
		07A71F38176C13F800BA8EF6 /* Frameworks */ = {
			isa = PBXGroup;
			children = (
				074323BD176CFEBF0002D14A /* MessageUI.framework */,
				07A71F39176C13F800BA8EF6 /* UIKit.framework */,
				07A71F3B176C13F800BA8EF6 /* Foundation.framework */,
				07A71F3D176C13F800BA8EF6 /* CoreGraphics.framework */,
				69DCB65EA2DE4AD68C1E2659 /* libPods.a */,
			);
			name = Frameworks;
			sourceTree = "<group>";
		};
		07A71F3F176C13F800BA8EF6 /* DeshiTuku */ = {
			isa = PBXGroup;
			children = (
				07A71FB1176C458800BA8EF6 /* Images */,
				07A71F92176C3BB900BA8EF6 /* lib */,
				07A71F63176C24D200BA8EF6 /* Manager */,
				07A71F5C176C147C00BA8EF6 /* Model */,
				07A71F48176C13F800BA8EF6 /* DTAppDelegate.h */,
				07A71F49176C13F800BA8EF6 /* DTAppDelegate.m */,
				07A71F51176C13F800BA8EF6 /* MainStoryboard.storyboard */,
				07A71F54176C13F800BA8EF6 /* DTViewController.h */,
				07A71F55176C13F800BA8EF6 /* DTViewController.m */,
				07A71F40176C13F800BA8EF6 /* Supporting Files */,
				1AB895E064955699605B453F /* ViewController */,
				074CB30F176CA30C0090E4BE /* UIImage+UIImage_HexString.h */,
				074CB310176CA30C0090E4BE /* UIImage+UIImage_HexString.m */,
			);
			path = DeshiTuku;
			sourceTree = "<group>";
		};
		07A71F40176C13F800BA8EF6 /* Supporting Files */ = {
			isa = PBXGroup;
			children = (
				07A71F41176C13F800BA8EF6 /* DeshiTuku-Info.plist */,
				07A71F42176C13F800BA8EF6 /* InfoPlist.strings */,
				07A71F45176C13F800BA8EF6 /* main.m */,
				07A71F47176C13F800BA8EF6 /* DeshiTuku-Prefix.pch */,
				07A71F4B176C13F800BA8EF6 /* Default.png */,
				07A71F4D176C13F800BA8EF6 /* Default@2x.png */,
				07A71F4F176C13F800BA8EF6 /* Default-568h@2x.png */,
			);
			name = "Supporting Files";
			sourceTree = "<group>";
		};
		07A71F5C176C147C00BA8EF6 /* Model */ = {
			isa = PBXGroup;
			children = (
				07A71F5D176C149000BA8EF6 /* DTUser.h */,
				07A71F5E176C149000BA8EF6 /* DTUser.m */,
				07A71FA5176C40AC00BA8EF6 /* DTSignatureInputDelegate.h */,
				07A71FA6176C40AC00BA8EF6 /* DTSignatureInputDelegate.m */,
			);
			name = Model;
			sourceTree = "<group>";
		};
		07A71F63176C24D200BA8EF6 /* Manager */ = {
			isa = PBXGroup;
			children = (
				07A71F64176C24F400BA8EF6 /* DTUserManager.h */,
				07A71F65176C24F400BA8EF6 /* DTUserManager.m */,
				07A71FAE176C441D00BA8EF6 /* DTTopicManager.h */,
				07A71FAF176C441D00BA8EF6 /* DTTopicManager.m */,
			);
			name = Manager;
			sourceTree = "<group>";
		};
		07A71F92176C3BB900BA8EF6 /* lib */ = {
			isa = PBXGroup;
			children = (
				07A71F93176C3BB900BA8EF6 /* JSSignatureController */,
			);
			path = lib;
			sourceTree = "<group>";
		};
		07A71F93176C3BB900BA8EF6 /* JSSignatureController */ = {
			isa = PBXGroup;
			children = (
				07A71F94176C3BB900BA8EF6 /* bg-signature-landscape.png */,
				07A71F95176C3BB900BA8EF6 /* bg-signature-landscape@2x.png */,
				07A71F96176C3BB900BA8EF6 /* bg-signature-portrait.png */,
				07A71F97176C3BB900BA8EF6 /* bg-signature-portrait@2x.png */,
				07A71F98176C3BB900BA8EF6 /* JBSignatureController.h */,
				07A71F99176C3BB900BA8EF6 /* JBSignatureController.m */,
				07A71F9A176C3BB900BA8EF6 /* JBSignatureView.h */,
				07A71F9B176C3BB900BA8EF6 /* JBSignatureView.m */,
			);
			path = JSSignatureController;
			sourceTree = "<group>";
		};
		07A71FB1176C458800BA8EF6 /* Images */ = {
			isa = PBXGroup;
			children = (
				074323C1176D0E670002D14A /* thanks_pressed.png */,
				074323C2176D0E670002D14A /* thanks.png */,
				074323BF176D0CA30002D14A /* clear.png */,
				07FAAD3C176CF597005FE40F /* disciple_list_caption.png */,
				07A71FC9176C79D200BA8EF6 /* age_caption.png */,
				074CB31C176CC4110090E4BE /* apply.png */,
				074CB31B176CC4110090E4BE /* apply_selected.png */,
				07A71FBC176C70B800BA8EF6 /* back.png */,
				074CB32F176CD3550090E4BE /* back_button.png */,
				07A71FC0176C728500BA8EF6 /* back_scroll.png */,
				074CB312176CACC10090E4BE /* back_white.png */,
				07A71FC3176C731000BA8EF6 /* decide.png */,
				07A71FC2176C731000BA8EF6 /* decide_pressed.png */,
				07A71FCB176C7B1400BA8EF6 /* disciple.png */,
				074CB336176CE76C0090E4BE /* hand.png */,
				074CB337176CE76C0090E4BE /* like_caption.png */,
				07A71FBE176C70D900BA8EF6 /* mail_caption.png */,
				07A71FCC176C7B1400BA8EF6 /* mentor.png */,
				074CB307176C93FD0090E4BE /* mentor_list.png */,
				074CB321176CCE810090E4BE /* mentor_list_caption.png */,
				074CB33E176CECBA0090E4BE /* mentor_top_caption.png */,
				074CB331176CD8910090E4BE /* my_mentor.png */,
				074CB2FF176C863B0090E4BE /* name_caption.png */,
				074CB2FD176C82D60090E4BE /* name_input.png */,
				074CB304176C89B20090E4BE /* next.png */,
				074CB303176C89B20090E4BE /* next_pressed.png */,
				07A71FB7176C57C700BA8EF6 /* profile.png */,
				074CB301176C88B80090E4BE /* profile_caption.png */,
				074CB323176CD0310090E4BE /* rank0.png */,
				074CB324176CD0310090E4BE /* rank1.png */,
				074CB325176CD0310090E4BE /* rank2.png */,
				074CB326176CD0310090E4BE /* rank3.png */,
				074CB327176CD0310090E4BE /* rank4.png */,
				074CB31F176CC4320090E4BE /* scroll.png */,
				07A71FB2176C458800BA8EF6 /* topic.png */,
				07FAAD39176CEF54005FE40F /* topic_caption.png */,
				074CB338176CE76C0090E4BE /* write_mail_caption.png */,
				074323C5176D11DB0002D14A /* logo.png */,
				074323C6176D11DB0002D14A /* title_disciple.png */,
				074323C7176D11DB0002D14A /* title_mentor.png */,
				074323C8176D11DB0002D14A /* title_reset.png */,
				074323C9176D11DB0002D14A /* title_start.png */,
			);
			path = Images;
			sourceTree = "<group>";
		};
		1AB895E064955699605B453F /* ViewController */ = {
			isa = PBXGroup;
			children = (
				07A71F60176C245100BA8EF6 /* DTAgeInputViewController.h */,
				07A71F61176C245100BA8EF6 /* DTAgeInputViewController.m */,
				07A71FB4176C462B00BA8EF6 /* DTTopicViewController.h */,
				07A71FB5176C462C00BA8EF6 /* DTTopicViewController.m */,
				07A71FB9176C58B000BA8EF6 /* DTProfileInputViewController.h */,
				07A71FBA176C58B000BA8EF6 /* DTProfileInputViewController.m */,
				07A71FC6176C749300BA8EF6 /* DTEmailInputViewController.h */,
				07A71FC7176C749400BA8EF6 /* DTEmailInputViewController.m */,
				074CB309176C946E0090E4BE /* DTMentorListViewController.h */,
				074CB30A176C946E0090E4BE /* DTMentorListViewController.m */,
				074CB30C176C96350090E4BE /* DTStartViewController.h */,
				074CB30D176C96350090E4BE /* DTStartViewController.m */,
				074CB314176CC02B0090E4BE /* DTMentorApplyViewController.h */,
				074CB315176CC02B0090E4BE /* DTMentorApplyViewController.m */,
				074CB333176CDD550090E4BE /* DTMentorTopViewController.h */,
				074CB334176CDD550090E4BE /* DTMentorTopViewController.m */,
			);
			path = ViewController;
			sourceTree = "<group>";
		};
/* End PBXGroup section */

/* Begin PBXNativeTarget section */
		07A71F35176C13F800BA8EF6 /* DeshiTuku */ = {
			isa = PBXNativeTarget;
			buildConfigurationList = 07A71F59176C13F800BA8EF6 /* Build configuration list for PBXNativeTarget "DeshiTuku" */;
			buildPhases = (
				0D3136BD71284928965BAB8D /* Check Pods Manifest.lock */,
				07A71F32176C13F800BA8EF6 /* Sources */,
				07A71F33176C13F800BA8EF6 /* Frameworks */,
				07A71F34176C13F800BA8EF6 /* Resources */,
				39A379DDE27943B9B3D7E3B7 /* Copy Pods Resources */,
			);
			buildRules = (
			);
			dependencies = (
			);
			name = DeshiTuku;
			productName = DeshiTuku;
			productReference = 07A71F36176C13F800BA8EF6 /* DeshiTuku.app */;
			productType = "com.apple.product-type.application";
		};
/* End PBXNativeTarget section */

/* Begin PBXProject section */
		07A71F2E176C13F800BA8EF6 /* Project object */ = {
			isa = PBXProject;
			attributes = {
				CLASSPREFIX = DT;
				LastUpgradeCheck = 0460;
				ORGANIZATIONNAME = giginet;
			};
			buildConfigurationList = 07A71F31176C13F800BA8EF6 /* Build configuration list for PBXProject "DeshiTuku" */;
			compatibilityVersion = "Xcode 3.2";
			developmentRegion = English;
			hasScannedForEncodings = 0;
			knownRegions = (
				en,
			);
			mainGroup = 07A71F2D176C13F800BA8EF6;
			productRefGroup = 07A71F37176C13F800BA8EF6 /* Products */;
			projectDirPath = "";
			projectRoot = "";
			targets = (
				07A71F35176C13F800BA8EF6 /* DeshiTuku */,
			);
		};
/* End PBXProject section */

/* Begin PBXResourcesBuildPhase section */
		07A71F34176C13F800BA8EF6 /* Resources */ = {
			isa = PBXResourcesBuildPhase;
			buildActionMask = 2147483647;
			files = (
				07A71F44176C13F800BA8EF6 /* InfoPlist.strings in Resources */,
				07A71F4C176C13F800BA8EF6 /* Default.png in Resources */,
				07A71F4E176C13F800BA8EF6 /* Default@2x.png in Resources */,
				07A71F50176C13F800BA8EF6 /* Default-568h@2x.png in Resources */,
				07A71F53176C13F800BA8EF6 /* MainStoryboard.storyboard in Resources */,
				07A71F9C176C3BB900BA8EF6 /* bg-signature-landscape.png in Resources */,
				07A71F9D176C3BB900BA8EF6 /* bg-signature-landscape@2x.png in Resources */,
				07A71F9E176C3BB900BA8EF6 /* bg-signature-portrait.png in Resources */,
				07A71F9F176C3BB900BA8EF6 /* bg-signature-portrait@2x.png in Resources */,
				07A71FB3176C458800BA8EF6 /* topic.png in Resources */,
				07A71FB8176C57C700BA8EF6 /* profile.png in Resources */,
				07A71FBD176C70B800BA8EF6 /* back.png in Resources */,
				07A71FBF176C70D900BA8EF6 /* mail_caption.png in Resources */,
				07A71FC1176C728500BA8EF6 /* back_scroll.png in Resources */,
				07A71FC4176C731000BA8EF6 /* decide_pressed.png in Resources */,
				07A71FC5176C731000BA8EF6 /* decide.png in Resources */,
				07A71FCA176C79D200BA8EF6 /* age_caption.png in Resources */,
				07A71FCD176C7B1400BA8EF6 /* disciple.png in Resources */,
				07A71FCE176C7B1400BA8EF6 /* mentor.png in Resources */,
				074CB2FE176C82D60090E4BE /* name_input.png in Resources */,
				074CB300176C863B0090E4BE /* name_caption.png in Resources */,
				074CB302176C88B80090E4BE /* profile_caption.png in Resources */,
				074CB305176C89B20090E4BE /* next_pressed.png in Resources */,
				074CB306176C89B20090E4BE /* next.png in Resources */,
				074CB308176C93FD0090E4BE /* mentor_list.png in Resources */,
				074CB313176CACC10090E4BE /* back_white.png in Resources */,
				074CB31D176CC4110090E4BE /* apply_selected.png in Resources */,
				074CB31E176CC4110090E4BE /* apply.png in Resources */,
				074CB320176CC4320090E4BE /* scroll.png in Resources */,
				074CB322176CCE810090E4BE /* mentor_list_caption.png in Resources */,
				074CB328176CD0310090E4BE /* rank0.png in Resources */,
				074CB329176CD0310090E4BE /* rank1.png in Resources */,
				074CB32A176CD0310090E4BE /* rank2.png in Resources */,
				074CB32B176CD0310090E4BE /* rank3.png in Resources */,
				074CB32C176CD0310090E4BE /* rank4.png in Resources */,
				074CB330176CD3550090E4BE /* back_button.png in Resources */,
				074CB332176CD8910090E4BE /* my_mentor.png in Resources */,
				074CB339176CE76C0090E4BE /* hand.png in Resources */,
				074CB33A176CE76C0090E4BE /* like_caption.png in Resources */,
				074CB33B176CE76C0090E4BE /* write_mail_caption.png in Resources */,
				074CB33F176CECBA0090E4BE /* mentor_top_caption.png in Resources */,
				07FAAD3A176CEF54005FE40F /* topic_caption.png in Resources */,
				07FAAD3D176CF597005FE40F /* disciple_list_caption.png in Resources */,
				074323C0176D0CA30002D14A /* clear.png in Resources */,
				074323C3176D0E670002D14A /* thanks_pressed.png in Resources */,
				074323C4176D0E670002D14A /* thanks.png in Resources */,
				074323CA176D11DB0002D14A /* logo.png in Resources */,
				074323CB176D11DB0002D14A /* title_disciple.png in Resources */,
				074323CC176D11DB0002D14A /* title_mentor.png in Resources */,
				074323CD176D11DB0002D14A /* title_reset.png in Resources */,
				074323CE176D11DB0002D14A /* title_start.png in Resources */,
			);
			runOnlyForDeploymentPostprocessing = 0;
		};
/* End PBXResourcesBuildPhase section */

/* Begin PBXShellScriptBuildPhase section */
		0D3136BD71284928965BAB8D /* Check Pods Manifest.lock */ = {
			isa = PBXShellScriptBuildPhase;
			buildActionMask = 2147483647;
			files = (
			);
			inputPaths = (
			);
			name = "Check Pods Manifest.lock";
			outputPaths = (
			);
			runOnlyForDeploymentPostprocessing = 0;
			shellPath = /bin/sh;
			shellScript = "diff \"${PODS_ROOT}/../Podfile.lock\" \"${PODS_ROOT}/Manifest.lock\" > /dev/null\nif [[ $? != 0 ]] ; then\n    cat << EOM\nerror: The sandbox is not in sync with the Podfile.lock. Run 'pod install' or update your CocoaPods installation.\nEOM\n    exit 1\nfi\n";
		};
		39A379DDE27943B9B3D7E3B7 /* Copy Pods Resources */ = {
			isa = PBXShellScriptBuildPhase;
			buildActionMask = 2147483647;
			files = (
			);
			inputPaths = (
			);
			name = "Copy Pods Resources";
			outputPaths = (
			);
			runOnlyForDeploymentPostprocessing = 0;
			shellPath = /bin/sh;
			shellScript = "\"${SRCROOT}/Pods/Pods-resources.sh\"\n";
		};
/* End PBXShellScriptBuildPhase section */

/* Begin PBXSourcesBuildPhase section */
		07A71F32176C13F800BA8EF6 /* Sources */ = {
			isa = PBXSourcesBuildPhase;
			buildActionMask = 2147483647;
			files = (
				07A71F46176C13F800BA8EF6 /* main.m in Sources */,
				07A71F4A176C13F800BA8EF6 /* DTAppDelegate.m in Sources */,
				07A71F56176C13F800BA8EF6 /* DTViewController.m in Sources */,
				07A71F5F176C149000BA8EF6 /* DTUser.m in Sources */,
				07A71F62176C245100BA8EF6 /* DTAgeInputViewController.m in Sources */,
				07A71F66176C24F400BA8EF6 /* DTUserManager.m in Sources */,
				07A71FA0176C3BB900BA8EF6 /* JBSignatureController.m in Sources */,
				07A71FA1176C3BB900BA8EF6 /* JBSignatureView.m in Sources */,
				07A71FA7176C40AC00BA8EF6 /* DTSignatureInputDelegate.m in Sources */,
				07A71FB0176C441D00BA8EF6 /* DTTopicManager.m in Sources */,
				07A71FB6176C462C00BA8EF6 /* DTTopicViewController.m in Sources */,
				07A71FBB176C58B000BA8EF6 /* DTProfileInputViewController.m in Sources */,
				07A71FC8176C749400BA8EF6 /* DTEmailInputViewController.m in Sources */,
				074CB30B176C946F0090E4BE /* DTMentorListViewController.m in Sources */,
				074CB30E176C96350090E4BE /* DTStartViewController.m in Sources */,
				074CB311176CA30D0090E4BE /* UIImage+UIImage_HexString.m in Sources */,
				074CB316176CC02B0090E4BE /* DTMentorApplyViewController.m in Sources */,
				074CB335176CDD560090E4BE /* DTMentorTopViewController.m in Sources */,
			);
			runOnlyForDeploymentPostprocessing = 0;
		};
/* End PBXSourcesBuildPhase section */

/* Begin PBXVariantGroup section */
		07A71F42176C13F800BA8EF6 /* InfoPlist.strings */ = {
			isa = PBXVariantGroup;
			children = (
				07A71F43176C13F800BA8EF6 /* en */,
			);
			name = InfoPlist.strings;
			sourceTree = "<group>";
		};
		07A71F51176C13F800BA8EF6 /* MainStoryboard.storyboard */ = {
			isa = PBXVariantGroup;
			children = (
				07A71F52176C13F800BA8EF6 /* en */,
			);
			name = MainStoryboard.storyboard;
			sourceTree = "<group>";
		};
/* End PBXVariantGroup section */

/* Begin XCBuildConfiguration section */
		07A71F57176C13F800BA8EF6 /* Debug */ = {
			isa = XCBuildConfiguration;
			buildSettings = {
				ALWAYS_SEARCH_USER_PATHS = NO;
				CLANG_CXX_LANGUAGE_STANDARD = "gnu++0x";
				CLANG_CXX_LIBRARY = "libc++";
				CLANG_ENABLE_OBJC_ARC = YES;
				CLANG_WARN_CONSTANT_CONVERSION = YES;
				CLANG_WARN_EMPTY_BODY = YES;
				CLANG_WARN_ENUM_CONVERSION = YES;
				CLANG_WARN_INT_CONVERSION = YES;
				CLANG_WARN__DUPLICATE_METHOD_MATCH = YES;
				CODE_SIGN_IDENTITY = "iPhone Developer: Kohki Miki (3YM67K3AKM)";
				"CODE_SIGN_IDENTITY[sdk=iphoneos*]" = "iPhone Developer: Kohki Miki (3YM67K3AKM)";
				COPY_PHASE_STRIP = NO;
				GCC_C_LANGUAGE_STANDARD = gnu99;
				GCC_DYNAMIC_NO_PIC = NO;
				GCC_OPTIMIZATION_LEVEL = 0;
				GCC_PREPROCESSOR_DEFINITIONS = (
					"DEBUG=1",
					"$(inherited)",
				);
				GCC_SYMBOLS_PRIVATE_EXTERN = NO;
				GCC_WARN_ABOUT_RETURN_TYPE = YES;
				GCC_WARN_UNINITIALIZED_AUTOS = YES;
				GCC_WARN_UNUSED_VARIABLE = YES;
				IPHONEOS_DEPLOYMENT_TARGET = 6.1;
				ONLY_ACTIVE_ARCH = YES;
				PROVISIONING_PROFILE = "C94D5C6A-79DF-4F70-899D-FCA8F5684607";
				"PROVISIONING_PROFILE[sdk=iphoneos*]" = "C94D5C6A-79DF-4F70-899D-FCA8F5684607";
				SDKROOT = iphoneos;
				TARGETED_DEVICE_FAMILY = 2;
			};
			name = Debug;
		};
		07A71F58176C13F800BA8EF6 /* Release */ = {
			isa = XCBuildConfiguration;
			buildSettings = {
				ALWAYS_SEARCH_USER_PATHS = NO;
				CLANG_CXX_LANGUAGE_STANDARD = "gnu++0x";
				CLANG_CXX_LIBRARY = "libc++";
				CLANG_ENABLE_OBJC_ARC = YES;
				CLANG_WARN_CONSTANT_CONVERSION = YES;
				CLANG_WARN_EMPTY_BODY = YES;
				CLANG_WARN_ENUM_CONVERSION = YES;
				CLANG_WARN_INT_CONVERSION = YES;
				CLANG_WARN__DUPLICATE_METHOD_MATCH = YES;
				CODE_SIGN_IDENTITY = "iPhone Developer: Kohki Miki (3YM67K3AKM)";
				"CODE_SIGN_IDENTITY[sdk=iphoneos*]" = "iPhone Developer: Kohki Miki (3YM67K3AKM)";
				COPY_PHASE_STRIP = YES;
				GCC_C_LANGUAGE_STANDARD = gnu99;
				GCC_WARN_ABOUT_RETURN_TYPE = YES;
				GCC_WARN_UNINITIALIZED_AUTOS = YES;
				GCC_WARN_UNUSED_VARIABLE = YES;
				IPHONEOS_DEPLOYMENT_TARGET = 6.1;
				OTHER_CFLAGS = "-DNS_BLOCK_ASSERTIONS=1";
				PROVISIONING_PROFILE = "C94D5C6A-79DF-4F70-899D-FCA8F5684607";
				"PROVISIONING_PROFILE[sdk=iphoneos*]" = "C94D5C6A-79DF-4F70-899D-FCA8F5684607";
				SDKROOT = iphoneos;
				TARGETED_DEVICE_FAMILY = 2;
				VALIDATE_PRODUCT = YES;
			};
			name = Release;
		};
		07A71F5A176C13F800BA8EF6 /* Debug */ = {
			isa = XCBuildConfiguration;
			baseConfigurationReference = 07E89A3AEEA5416DBFAF8C5D /* Pods.xcconfig */;
			buildSettings = {
				GCC_PRECOMPILE_PREFIX_HEADER = YES;
				GCC_PREFIX_HEADER = "DeshiTuku/DeshiTuku-Prefix.pch";
				INFOPLIST_FILE = "DeshiTuku/DeshiTuku-Info.plist";
				IPHONEOS_DEPLOYMENT_TARGET = 5.0;
				PRODUCT_NAME = "$(TARGET_NAME)";
				USER_HEADER_SEARCH_PATHS = "\"${PROJECT_DIR}/lib/FPNumberPadView\"/**";
				WRAPPER_EXTENSION = app;
			};
			name = Debug;
		};
		07A71F5B176C13F800BA8EF6 /* Release */ = {
			isa = XCBuildConfiguration;
			baseConfigurationReference = 07E89A3AEEA5416DBFAF8C5D /* Pods.xcconfig */;
			buildSettings = {
				GCC_PRECOMPILE_PREFIX_HEADER = YES;
				GCC_PREFIX_HEADER = "DeshiTuku/DeshiTuku-Prefix.pch";
				INFOPLIST_FILE = "DeshiTuku/DeshiTuku-Info.plist";
				IPHONEOS_DEPLOYMENT_TARGET = 5.0;
				PRODUCT_NAME = "$(TARGET_NAME)";
				USER_HEADER_SEARCH_PATHS = "\"${PROJECT_DIR}/lib/FPNumberPadView\"/**";
				WRAPPER_EXTENSION = app;
			};
			name = Release;
		};
/* End XCBuildConfiguration section */

/* Begin XCConfigurationList section */
		07A71F31176C13F800BA8EF6 /* Build configuration list for PBXProject "DeshiTuku" */ = {
			isa = XCConfigurationList;
			buildConfigurations = (
				07A71F57176C13F800BA8EF6 /* Debug */,
				07A71F58176C13F800BA8EF6 /* Release */,
			);
			defaultConfigurationIsVisible = 0;
			defaultConfigurationName = Release;
		};
		07A71F59176C13F800BA8EF6 /* Build configuration list for PBXNativeTarget "DeshiTuku" */ = {
			isa = XCConfigurationList;
			buildConfigurations = (
				07A71F5A176C13F800BA8EF6 /* Debug */,
				07A71F5B176C13F800BA8EF6 /* Release */,
			);
			defaultConfigurationIsVisible = 0;
			defaultConfigurationName = Release;
		};
/* End XCConfigurationList section */
	};
	rootObject = 07A71F2E176C13F800BA8EF6 /* Project object */;
}
